
Microsoft Visual Studio Solution File, Format Version 12.00
# Visual Studio Version 16
VisualStudioVersion = 16.0.30011.22
MinimumVisualStudioVersion = 10.0.40219.1
Project("{FAE04EC0-301F-11D3-BF4B-00C04F79EFBC}") = "Tetris", "Tetris\Tetris.csproj", "{1670336C-FC30-4BD1-AB07-B36D578DF28F}"
EndProject
Global
	GlobalSection(SolutionConfigurationPlatforms) = preSolution
		Debug|Any CPU = Debug|Any CPU
		Release|Any CPU = Release|Any CPU
	EndGlobalSection
	GlobalSection(ProjectConfigurationPlatforms) = postSolution
		{1670336C-FC30-4BD1-AB07-B36D578DF28F}.Debug|Any CPU.ActiveCfg = Debug|Any CPU
		{1670336C-FC30-4BD1-AB07-B36D578DF28F}.Debug|Any CPU.Build.0 = Debug|Any CPU
		{1670336C-FC30-4BD1-AB07-B36D578DF28F}.Release|Any CPU.ActiveCfg = Release|Any CPU
		{1670336C-FC30-4BD1-AB07-B36D578DF28F}.Release|Any CPU.Build.0 = Release|Any CPU
	EndGlobalSection
	GlobalSection(SolutionProperties) = preSolution
		HideSolutionNode = FALSE
	EndGlobalSection
	GlobalSection(ExtensibilityGlobals) = postSolution
		SolutionGuid = {121AA1DB-05A7-4C73-AD8A-D4E261FC2361}
	EndGlobalSection
EndGlobal
